
Microsoft Visual Studio Solution File, Format Version 12.00
# Visual Studio Version 17
VisualStudioVersion = 17.11.35222.181
MinimumVisualStudioVersion = 10.0.40219.1
Project("{9A19103F-16F7-4668-BE54-9A1E7A4F7556}") = "CoLearn.API", "CoLearn.API\CoLearn.API.csproj", "{07A300F9-99DD-4538-AEC8-33824508CBD5}"
EndProject
Project("{9A19103F-16F7-4668-BE54-9A1E7A4F7556}") = "CoLearn.Domain", "CoLearn.Domain\CoLearn.Domain.csproj", "{78782C55-D266-4BF8-96C8-CB1D1B430DA4}"
EndProject
Project("{9A19103F-16F7-4668-BE54-9A1E7A4F7556}") = "CoLearn.Infrastructure", "CoLearn.Infrastructure\CoLearn.Infrastructure.csproj", "{C64099AE-B2D7-408A-8FC9-3B9E0072DB42}"
EndProject
Project("{9A19103F-16F7-4668-BE54-9A1E7A4F7556}") = "CoLearn.Services", "CoLearn.Services\CoLearn.Services.csproj", "{164EFF90-9287-4F04-88AF-0F5BD4329F80}"
EndProject
Global
	GlobalSection(SolutionConfigurationPlatforms) = preSolution
		Debug|Any CPU = Debug|Any CPU
		Release|Any CPU = Release|Any CPU
	EndGlobalSection
	GlobalSection(ProjectConfigurationPlatforms) = postSolution
		{07A300F9-99DD-4538-AEC8-33824508CBD5}.Debug|Any CPU.ActiveCfg = Debug|Any CPU
		{07A300F9-99DD-4538-AEC8-33824508CBD5}.Debug|Any CPU.Build.0 = Debug|Any CPU
		{07A300F9-99DD-4538-AEC8-33824508CBD5}.Release|Any CPU.ActiveCfg = Release|Any CPU
		{07A300F9-99DD-4538-AEC8-33824508CBD5}.Release|Any CPU.Build.0 = Release|Any CPU
		{78782C55-D266-4BF8-96C8-CB1D1B430DA4}.Debug|Any CPU.ActiveCfg = Debug|Any CPU
		{78782C55-D266-4BF8-96C8-CB1D1B430DA4}.Debug|Any CPU.Build.0 = Debug|Any CPU
		{78782C55-D266-4BF8-96C8-CB1D1B430DA4}.Release|Any CPU.ActiveCfg = Release|Any CPU
		{78782C55-D266-4BF8-96C8-CB1D1B430DA4}.Release|Any CPU.Build.0 = Release|Any CPU
		{C64099AE-B2D7-408A-8FC9-3B9E0072DB42}.Debug|Any CPU.ActiveCfg = Debug|Any CPU
		{C64099AE-B2D7-408A-8FC9-3B9E0072DB42}.Debug|Any CPU.Build.0 = Debug|Any CPU
		{C64099AE-B2D7-408A-8FC9-3B9E0072DB42}.Release|Any CPU.ActiveCfg = Release|Any CPU
		{C64099AE-B2D7-408A-8FC9-3B9E0072DB42}.Release|Any CPU.Build.0 = Release|Any CPU
		{164EFF90-9287-4F04-88AF-0F5BD4329F80}.Debug|Any CPU.ActiveCfg = Debug|Any CPU
		{164EFF90-9287-4F04-88AF-0F5BD4329F80}.Debug|Any CPU.Build.0 = Debug|Any CPU
		{164EFF90-9287-4F04-88AF-0F5BD4329F80}.Release|Any CPU.ActiveCfg = Release|Any CPU
		{164EFF90-9287-4F04-88AF-0F5BD4329F80}.Release|Any CPU.Build.0 = Release|Any CPU
	EndGlobalSection
	GlobalSection(SolutionProperties) = preSolution
		HideSolutionNode = FALSE
	EndGlobalSection
	GlobalSection(ExtensibilityGlobals) = postSolution
		SolutionGuid = {276EF9E8-FE2B-415E-AE2C-A3215907BFF7}
	EndGlobalSection
EndGlobal
